{
    "_readme": [
        "This file locks the dependencies of your project to a known state",
        "Read more about it at https://getcomposer.org/doc/01-basic-usage.md#installing-dependencies",
        "This file is @generated automatically"
    ],
    "content-hash": "6b8758cbd7c7c24b05ebdf5952297670",
    "packages": [
        {
            "name": "lbcdev/joomla-helper",
            "version": "dev-main",
            "source": {
                "type": "git",
                "url": "https://github.com/Luinux81/joomla-helper.git",
                "reference": "62be6eaf36f945b2133d6ce660dc764d8415d417"
            },
            "dist": {
                "type": "zip",
                "url": "https://api.github.com/repos/Luinux81/joomla-helper/zipball/62be6eaf36f945b2133d6ce660dc764d8415d417",
                "reference": "62be6eaf36f945b2133d6ce660dc764d8415d417",
                "shasum": ""
            },
            "default-branch": true,
            "type": "library",
            "autoload": {
                "psr-4": {
                    "LBCdev\\": "src/"
                }
            },
            "notification-url": "https://packagist.org/downloads/",
            "authors": [
                {
                    "name": "Luis BC",
                    "email": "luinux81@gmail.com"
                }
            ],
            "description": "Utility functions for Joomla templates, modules and plugins development",
            "support": {
                "issues": "https://github.com/Luinux81/joomla-helper/issues",
                "source": "https://github.com/Luinux81/joomla-helper/tree/main"
            },
            "time": "2024-07-11T20:50:09+00:00"
        }
    ],
    "packages-dev": [],
    "aliases": [],
    "minimum-stability": "dev",
    "stability-flags": {
        "lbcdev/joomla-helper": 20
    },
    "prefer-stable": false,
    "prefer-lowest": false,
    "platform": [],
    "platform-dev": [],
    "plugin-api-version": "2.6.0"
}
